
Microsoft Visual Studio Solution File, Format Version 12.00
# Visual Studio Version 17
VisualStudioVersion = 17.13.35806.99
MinimumVisualStudioVersion = 10.0.40219.1
Project("{2150E333-8FDC-42A3-9474-1A3956D46DE8}") = "Task0", "Task0", "{02EA681E-C7D8-13C7-8484-4AC65E1B71E8}"
EndProject
Project("{2150E333-8FDC-42A3-9474-1A3956D46DE8}") = "Task1", "Task1", "{FE1A546A-BDF7-4F6F-AC4E-BE6F31EADB98}"
EndProject
Project("{2150E333-8FDC-42A3-9474-1A3956D46DE8}") = "Task2", "Task2", "{1CBA06A7-D59B-4B03-85DF-9679F4062D27}"
EndProject
Project("{2150E333-8FDC-42A3-9474-1A3956D46DE8}") = "Task3", "Task3", "{D6B4414A-82FC-4D00-964E-1FD0939A5C8D}"
EndProject
Project("{2150E333-8FDC-42A3-9474-1A3956D46DE8}") = "Task4", "Task4", "{0867DE51-9B1D-48F0-98FE-5AA6A76761AF}"
EndProject
Project("{2150E333-8FDC-42A3-9474-1A3956D46DE8}") = "Task5", "Task5", "{93E8681C-A4B5-433A-9204-928A330B01CD}"
EndProject
Project("{2150E333-8FDC-42A3-9474-1A3956D46DE8}") = "Task6", "Task6", "{8450F76B-68BD-443A-B5B0-96712B92B99F}"
EndProject
Project("{2150E333-8FDC-42A3-9474-1A3956D46DE8}") = "Task7", "Task7", "{ECF6E4FF-99B7-4D33-B785-41CA16DE56A6}"
EndProject
Project("{FAE04EC0-301F-11D3-BF4B-00C04F79EFBC}") = "Tyuiu.AntonovVV.Sprint6.Task0.V4.Lib", "Tyuiu.AntonovVV.Sprint6.Task0.V4.Lib\Tyuiu.AntonovVV.Sprint6.Task0.V4.Lib.csproj", "{CA47788E-07D2-4D5A-B829-C60DCE163D9E}"
EndProject
Project("{FAE04EC0-301F-11D3-BF4B-00C04F79EFBC}") = "Tyuiu.AntonovVV.Sprint6.Task0.V4.Test", "Tyuiu.AntonovVV.Sprint6.Task0.V4.Test\Tyuiu.AntonovVV.Sprint6.Task0.V4.Test.csproj", "{7C586D55-0186-40AA-AAAD-9C7A3C032BBE}"
EndProject
Project("{FAE04EC0-301F-11D3-BF4B-00C04F79EFBC}") = "Tyuiu.AntonovVV.Sprint6.Task0.V4", "Tyuiu.AntonovVV.Sprint6.Task0.V4\Tyuiu.AntonovVV.Sprint6.Task0.V4.csproj", "{8F5FEAC9-36C4-466F-BB4E-8485BC2F23DD}"
EndProject
Project("{FAE04EC0-301F-11D3-BF4B-00C04F79EFBC}") = "Tyuiu.AntonovVV.Sprint6.Task1.V25", "Tyuiu.AntonovVV.Sprint6.Task1.V25\Tyuiu.AntonovVV.Sprint6.Task1.V25.csproj", "{2D1685F5-CBEC-43F1-AF05-6554E8F17054}"
EndProject
Project("{FAE04EC0-301F-11D3-BF4B-00C04F79EFBC}") = "Tyuiu.AntonovVV.Sprint6.Task1.V25.Lib", "Tyuiu.AntonovVV.Sprint6.Task1.V25.Lib\Tyuiu.AntonovVV.Sprint6.Task1.V25.Lib.csproj", "{ABB8EE9E-601F-405C-8E6D-CDB00EC89F06}"
EndProject
Project("{FAE04EC0-301F-11D3-BF4B-00C04F79EFBC}") = "Tyuiu.AntonovVV.Sprint6.Task1.V25.Test", "Tyuiu.AntonovVV.Sprint6.Task1.V25.Test\Tyuiu.AntonovVV.Sprint6.Task1.V25.Test.csproj", "{C6C07197-6B7B-4C0D-B623-BE3BEEE42992}"
EndProject
Project("{FAE04EC0-301F-11D3-BF4B-00C04F79EFBC}") = "Tyuiu.AntonovVV.Sprint6.Task2.V23.Test", "Tyuiu.AntonovVV.Sprint6.Task2.V23.Test\Tyuiu.AntonovVV.Sprint6.Task2.V23.Test.csproj", "{E7E38A29-EF5A-404E-94D2-308BF84725BE}"
EndProject
Project("{FAE04EC0-301F-11D3-BF4B-00C04F79EFBC}") = "Tyuiu.AntonovVV.Sprint6.Task2.V23.Lib", "Tyuiu.AntonovVV.Sprint6.Task2.V23.Lib\Tyuiu.AntonovVV.Sprint6.Task2.V23.Lib.csproj", "{6DDB901C-2F77-44F8-A663-B74CC908FC2B}"
EndProject
Project("{FAE04EC0-301F-11D3-BF4B-00C04F79EFBC}") = "Tyuiu.AntonovVV.Sprint6.Task2.V23", "Tyuiu.AntonovVV.Sprint6.Task2.V23\Tyuiu.AntonovVV.Sprint6.Task2.V23.csproj", "{3BA1D158-723E-45DD-BF51-2505CE3B6669}"
EndProject
Project("{FAE04EC0-301F-11D3-BF4B-00C04F79EFBC}") = "Tyuiu.AntonovVV.Sprint6.Task3.V1.Lib", "Tyuiu.AntonovVV.Sprint6.Task3.V1.Lib\Tyuiu.AntonovVV.Sprint6.Task3.V1.Lib.csproj", "{643F7DBA-1335-46EB-9CC8-862B57868A69}"
EndProject
Project("{FAE04EC0-301F-11D3-BF4B-00C04F79EFBC}") = "Tyuiu.AntonovVV.Sprint6.Task3.V1.Test", "Tyuiu.AntonovVV.Sprint6.Task3.V1.Test\Tyuiu.AntonovVV.Sprint6.Task3.V1.Test.csproj", "{CE982F85-6F50-4DCA-9705-F13A677612FA}"
EndProject
Project("{FAE04EC0-301F-11D3-BF4B-00C04F79EFBC}") = "Tyuiu.AntonovVV.Sprint6.Task3.V1", "Tyuiu.AntonovVV.Sprint6.Task3.V1\Tyuiu.AntonovVV.Sprint6.Task3.V1.csproj", "{F2E67CEA-C9D5-4DB2-87D6-F0B59A9E5F94}"
EndProject
Project("{FAE04EC0-301F-11D3-BF4B-00C04F79EFBC}") = "Tyuiu.AntonovVV.Sprint6.Task4.V2.Lib", "Tyuiu.AntonovVV.Sprint6.Task4.V2.Lib\Tyuiu.AntonovVV.Sprint6.Task4.V2.Lib.csproj", "{1F20621D-AE4A-4EAB-80A6-859DF1BE36A3}"
EndProject
Project("{FAE04EC0-301F-11D3-BF4B-00C04F79EFBC}") = "Tyuiu.AntonovVV.Sprint6.Task4.V2.Test", "Tyuiu.AntonovVV.Sprint6.Task4.V2.Test\Tyuiu.AntonovVV.Sprint6.Task4.V2.Test.csproj", "{7E712C4E-2E59-46AF-8277-F5AAE749F63F}"
EndProject
Project("{FAE04EC0-301F-11D3-BF4B-00C04F79EFBC}") = "Tyuiu.AntonovVV.Sprint6.Task4.V2", "Tyuiu.AntonovVV.Sprint6.Task4.V2\Tyuiu.AntonovVV.Sprint6.Task4.V2.csproj", "{47100229-017D-4480-94F1-266C847BA087}"
EndProject
Project("{FAE04EC0-301F-11D3-BF4B-00C04F79EFBC}") = "Tyuiu.AntonovVV.Sprint6.Task5.V14", "Tyuiu.AntonovVV.Sprint6.Task5.V14\Tyuiu.AntonovVV.Sprint6.Task5.V14.csproj", "{DDADCD46-79F7-4513-9436-639D643196E9}"
EndProject
Project("{FAE04EC0-301F-11D3-BF4B-00C04F79EFBC}") = "Tyuiu.AntonovVV.Sprint6.Task5.V14.Lib", "Tyuiu.AntonovVV.Sprint6.Task5.V14.Lib\Tyuiu.AntonovVV.Sprint6.Task5.V14.Lib.csproj", "{83245DC7-ADC5-4543-895C-1F247F9EA539}"
EndProject
Project("{FAE04EC0-301F-11D3-BF4B-00C04F79EFBC}") = "Tyuiu.AntonovVV.Sprint6.Task5.V14.Test", "Tyuiu.AntonovVV.Sprint6.Task5.V14.Test\Tyuiu.AntonovVV.Sprint6.Task5.V14.Test.csproj", "{96FEF858-AAF6-438E-90DA-7F9CC9CD4571}"
EndProject
Project("{FAE04EC0-301F-11D3-BF4B-00C04F79EFBC}") = "Tyuiu.AntonovVV.Sprint6.Task6.V29", "Tyuiu.AntonovVV.Sprint6.Task6.V29\Tyuiu.AntonovVV.Sprint6.Task6.V29.csproj", "{92CD4D03-8CF1-4DEF-AD4B-0816A6B1E737}"
EndProject
Project("{FAE04EC0-301F-11D3-BF4B-00C04F79EFBC}") = "Tyuiu.AntonovVV.Sprint6.Task6.V29.Lib", "Tyuiu.AntonovVV.Sprint6.Task6.V29.Lib\Tyuiu.AntonovVV.Sprint6.Task6.V29.Lib.csproj", "{35BA8A4A-B801-4108-A856-20CEAAF34DEF}"
EndProject
Project("{FAE04EC0-301F-11D3-BF4B-00C04F79EFBC}") = "Tyuiu.AntonovVV.Sprint6.Task6.V29.Test", "Tyuiu.AntonovVV.Sprint6.Task6.V29.Test\Tyuiu.AntonovVV.Sprint6.Task6.V29.Test.csproj", "{586177D9-A5F8-4059-A97C-8D179F99A85C}"
EndProject
Global
	GlobalSection(SolutionConfigurationPlatforms) = preSolution
		Debug|Any CPU = Debug|Any CPU
		Release|Any CPU = Release|Any CPU
	EndGlobalSection
	GlobalSection(ProjectConfigurationPlatforms) = postSolution
		{CA47788E-07D2-4D5A-B829-C60DCE163D9E}.Debug|Any CPU.ActiveCfg = Debug|Any CPU
		{CA47788E-07D2-4D5A-B829-C60DCE163D9E}.Debug|Any CPU.Build.0 = Debug|Any CPU
		{CA47788E-07D2-4D5A-B829-C60DCE163D9E}.Release|Any CPU.ActiveCfg = Release|Any CPU
		{CA47788E-07D2-4D5A-B829-C60DCE163D9E}.Release|Any CPU.Build.0 = Release|Any CPU
		{7C586D55-0186-40AA-AAAD-9C7A3C032BBE}.Debug|Any CPU.ActiveCfg = Debug|Any CPU
		{7C586D55-0186-40AA-AAAD-9C7A3C032BBE}.Debug|Any CPU.Build.0 = Debug|Any CPU
		{7C586D55-0186-40AA-AAAD-9C7A3C032BBE}.Release|Any CPU.ActiveCfg = Release|Any CPU
		{7C586D55-0186-40AA-AAAD-9C7A3C032BBE}.Release|Any CPU.Build.0 = Release|Any CPU
		{8F5FEAC9-36C4-466F-BB4E-8485BC2F23DD}.Debug|Any CPU.ActiveCfg = Debug|Any CPU
		{8F5FEAC9-36C4-466F-BB4E-8485BC2F23DD}.Debug|Any CPU.Build.0 = Debug|Any CPU
		{8F5FEAC9-36C4-466F-BB4E-8485BC2F23DD}.Release|Any CPU.ActiveCfg = Release|Any CPU
		{8F5FEAC9-36C4-466F-BB4E-8485BC2F23DD}.Release|Any CPU.Build.0 = Release|Any CPU
		{2D1685F5-CBEC-43F1-AF05-6554E8F17054}.Debug|Any CPU.ActiveCfg = Debug|Any CPU
		{2D1685F5-CBEC-43F1-AF05-6554E8F17054}.Debug|Any CPU.Build.0 = Debug|Any CPU
		{2D1685F5-CBEC-43F1-AF05-6554E8F17054}.Release|Any CPU.ActiveCfg = Release|Any CPU
		{2D1685F5-CBEC-43F1-AF05-6554E8F17054}.Release|Any CPU.Build.0 = Release|Any CPU
		{ABB8EE9E-601F-405C-8E6D-CDB00EC89F06}.Debug|Any CPU.ActiveCfg = Debug|Any CPU
		{ABB8EE9E-601F-405C-8E6D-CDB00EC89F06}.Debug|Any CPU.Build.0 = Debug|Any CPU
		{ABB8EE9E-601F-405C-8E6D-CDB00EC89F06}.Release|Any CPU.ActiveCfg = Release|Any CPU
		{ABB8EE9E-601F-405C-8E6D-CDB00EC89F06}.Release|Any CPU.Build.0 = Release|Any CPU
		{C6C07197-6B7B-4C0D-B623-BE3BEEE42992}.Debug|Any CPU.ActiveCfg = Debug|Any CPU
		{C6C07197-6B7B-4C0D-B623-BE3BEEE42992}.Debug|Any CPU.Build.0 = Debug|Any CPU
		{C6C07197-6B7B-4C0D-B623-BE3BEEE42992}.Release|Any CPU.ActiveCfg = Release|Any CPU
		{C6C07197-6B7B-4C0D-B623-BE3BEEE42992}.Release|Any CPU.Build.0 = Release|Any CPU
		{E7E38A29-EF5A-404E-94D2-308BF84725BE}.Debug|Any CPU.ActiveCfg = Debug|Any CPU
		{E7E38A29-EF5A-404E-94D2-308BF84725BE}.Debug|Any CPU.Build.0 = Debug|Any CPU
		{E7E38A29-EF5A-404E-94D2-308BF84725BE}.Release|Any CPU.ActiveCfg = Release|Any CPU
		{E7E38A29-EF5A-404E-94D2-308BF84725BE}.Release|Any CPU.Build.0 = Release|Any CPU
		{6DDB901C-2F77-44F8-A663-B74CC908FC2B}.Debug|Any CPU.ActiveCfg = Debug|Any CPU
		{6DDB901C-2F77-44F8-A663-B74CC908FC2B}.Debug|Any CPU.Build.0 = Debug|Any CPU
		{6DDB901C-2F77-44F8-A663-B74CC908FC2B}.Release|Any CPU.ActiveCfg = Release|Any CPU
		{6DDB901C-2F77-44F8-A663-B74CC908FC2B}.Release|Any CPU.Build.0 = Release|Any CPU
		{3BA1D158-723E-45DD-BF51-2505CE3B6669}.Debug|Any CPU.ActiveCfg = Debug|Any CPU
		{3BA1D158-723E-45DD-BF51-2505CE3B6669}.Debug|Any CPU.Build.0 = Debug|Any CPU
		{3BA1D158-723E-45DD-BF51-2505CE3B6669}.Release|Any CPU.ActiveCfg = Release|Any CPU
		{3BA1D158-723E-45DD-BF51-2505CE3B6669}.Release|Any CPU.Build.0 = Release|Any CPU
		{643F7DBA-1335-46EB-9CC8-862B57868A69}.Debug|Any CPU.ActiveCfg = Debug|Any CPU
		{643F7DBA-1335-46EB-9CC8-862B57868A69}.Debug|Any CPU.Build.0 = Debug|Any CPU
		{643F7DBA-1335-46EB-9CC8-862B57868A69}.Release|Any CPU.ActiveCfg = Release|Any CPU
		{643F7DBA-1335-46EB-9CC8-862B57868A69}.Release|Any CPU.Build.0 = Release|Any CPU
		{CE982F85-6F50-4DCA-9705-F13A677612FA}.Debug|Any CPU.ActiveCfg = Debug|Any CPU
		{CE982F85-6F50-4DCA-9705-F13A677612FA}.Debug|Any CPU.Build.0 = Debug|Any CPU
		{CE982F85-6F50-4DCA-9705-F13A677612FA}.Release|Any CPU.ActiveCfg = Release|Any CPU
		{CE982F85-6F50-4DCA-9705-F13A677612FA}.Release|Any CPU.Build.0 = Release|Any CPU
		{F2E67CEA-C9D5-4DB2-87D6-F0B59A9E5F94}.Debug|Any CPU.ActiveCfg = Debug|Any CPU
		{F2E67CEA-C9D5-4DB2-87D6-F0B59A9E5F94}.Debug|Any CPU.Build.0 = Debug|Any CPU
		{F2E67CEA-C9D5-4DB2-87D6-F0B59A9E5F94}.Release|Any CPU.ActiveCfg = Release|Any CPU
		{F2E67CEA-C9D5-4DB2-87D6-F0B59A9E5F94}.Release|Any CPU.Build.0 = Release|Any CPU
		{1F20621D-AE4A-4EAB-80A6-859DF1BE36A3}.Debug|Any CPU.ActiveCfg = Debug|Any CPU
		{1F20621D-AE4A-4EAB-80A6-859DF1BE36A3}.Debug|Any CPU.Build.0 = Debug|Any CPU
		{1F20621D-AE4A-4EAB-80A6-859DF1BE36A3}.Release|Any CPU.ActiveCfg = Release|Any CPU
		{1F20621D-AE4A-4EAB-80A6-859DF1BE36A3}.Release|Any CPU.Build.0 = Release|Any CPU
		{7E712C4E-2E59-46AF-8277-F5AAE749F63F}.Debug|Any CPU.ActiveCfg = Debug|Any CPU
		{7E712C4E-2E59-46AF-8277-F5AAE749F63F}.Debug|Any CPU.Build.0 = Debug|Any CPU
		{7E712C4E-2E59-46AF-8277-F5AAE749F63F}.Release|Any CPU.ActiveCfg = Release|Any CPU
		{7E712C4E-2E59-46AF-8277-F5AAE749F63F}.Release|Any CPU.Build.0 = Release|Any CPU
		{47100229-017D-4480-94F1-266C847BA087}.Debug|Any CPU.ActiveCfg = Debug|Any CPU
		{47100229-017D-4480-94F1-266C847BA087}.Debug|Any CPU.Build.0 = Debug|Any CPU
		{47100229-017D-4480-94F1-266C847BA087}.Release|Any CPU.ActiveCfg = Release|Any CPU
		{47100229-017D-4480-94F1-266C847BA087}.Release|Any CPU.Build.0 = Release|Any CPU
		{DDADCD46-79F7-4513-9436-639D643196E9}.Debug|Any CPU.ActiveCfg = Debug|Any CPU
		{DDADCD46-79F7-4513-9436-639D643196E9}.Debug|Any CPU.Build.0 = Debug|Any CPU
		{DDADCD46-79F7-4513-9436-639D643196E9}.Release|Any CPU.ActiveCfg = Release|Any CPU
		{DDADCD46-79F7-4513-9436-639D643196E9}.Release|Any CPU.Build.0 = Release|Any CPU
		{83245DC7-ADC5-4543-895C-1F247F9EA539}.Debug|Any CPU.ActiveCfg = Debug|Any CPU
		{83245DC7-ADC5-4543-895C-1F247F9EA539}.Debug|Any CPU.Build.0 = Debug|Any CPU
		{83245DC7-ADC5-4543-895C-1F247F9EA539}.Release|Any CPU.ActiveCfg = Release|Any CPU
		{83245DC7-ADC5-4543-895C-1F247F9EA539}.Release|Any CPU.Build.0 = Release|Any CPU
		{96FEF858-AAF6-438E-90DA-7F9CC9CD4571}.Debug|Any CPU.ActiveCfg = Debug|Any CPU
		{96FEF858-AAF6-438E-90DA-7F9CC9CD4571}.Debug|Any CPU.Build.0 = Debug|Any CPU
		{96FEF858-AAF6-438E-90DA-7F9CC9CD4571}.Release|Any CPU.ActiveCfg = Release|Any CPU
		{96FEF858-AAF6-438E-90DA-7F9CC9CD4571}.Release|Any CPU.Build.0 = Release|Any CPU
		{92CD4D03-8CF1-4DEF-AD4B-0816A6B1E737}.Debug|Any CPU.ActiveCfg = Debug|Any CPU
		{92CD4D03-8CF1-4DEF-AD4B-0816A6B1E737}.Debug|Any CPU.Build.0 = Debug|Any CPU
		{92CD4D03-8CF1-4DEF-AD4B-0816A6B1E737}.Release|Any CPU.ActiveCfg = Release|Any CPU
		{92CD4D03-8CF1-4DEF-AD4B-0816A6B1E737}.Release|Any CPU.Build.0 = Release|Any CPU
		{35BA8A4A-B801-4108-A856-20CEAAF34DEF}.Debug|Any CPU.ActiveCfg = Debug|Any CPU
		{35BA8A4A-B801-4108-A856-20CEAAF34DEF}.Debug|Any CPU.Build.0 = Debug|Any CPU
		{35BA8A4A-B801-4108-A856-20CEAAF34DEF}.Release|Any CPU.ActiveCfg = Release|Any CPU
		{35BA8A4A-B801-4108-A856-20CEAAF34DEF}.Release|Any CPU.Build.0 = Release|Any CPU
		{586177D9-A5F8-4059-A97C-8D179F99A85C}.Debug|Any CPU.ActiveCfg = Debug|Any CPU
		{586177D9-A5F8-4059-A97C-8D179F99A85C}.Debug|Any CPU.Build.0 = Debug|Any CPU
		{586177D9-A5F8-4059-A97C-8D179F99A85C}.Release|Any CPU.ActiveCfg = Release|Any CPU
		{586177D9-A5F8-4059-A97C-8D179F99A85C}.Release|Any CPU.Build.0 = Release|Any CPU
	EndGlobalSection
	GlobalSection(SolutionProperties) = preSolution
		HideSolutionNode = FALSE
	EndGlobalSection
	GlobalSection(NestedProjects) = preSolution
		{CA47788E-07D2-4D5A-B829-C60DCE163D9E} = {02EA681E-C7D8-13C7-8484-4AC65E1B71E8}
		{7C586D55-0186-40AA-AAAD-9C7A3C032BBE} = {02EA681E-C7D8-13C7-8484-4AC65E1B71E8}
		{8F5FEAC9-36C4-466F-BB4E-8485BC2F23DD} = {02EA681E-C7D8-13C7-8484-4AC65E1B71E8}
		{2D1685F5-CBEC-43F1-AF05-6554E8F17054} = {FE1A546A-BDF7-4F6F-AC4E-BE6F31EADB98}
		{ABB8EE9E-601F-405C-8E6D-CDB00EC89F06} = {FE1A546A-BDF7-4F6F-AC4E-BE6F31EADB98}
		{C6C07197-6B7B-4C0D-B623-BE3BEEE42992} = {FE1A546A-BDF7-4F6F-AC4E-BE6F31EADB98}
		{E7E38A29-EF5A-404E-94D2-308BF84725BE} = {1CBA06A7-D59B-4B03-85DF-9679F4062D27}
		{6DDB901C-2F77-44F8-A663-B74CC908FC2B} = {1CBA06A7-D59B-4B03-85DF-9679F4062D27}
		{3BA1D158-723E-45DD-BF51-2505CE3B6669} = {1CBA06A7-D59B-4B03-85DF-9679F4062D27}
		{643F7DBA-1335-46EB-9CC8-862B57868A69} = {D6B4414A-82FC-4D00-964E-1FD0939A5C8D}
		{CE982F85-6F50-4DCA-9705-F13A677612FA} = {D6B4414A-82FC-4D00-964E-1FD0939A5C8D}
		{F2E67CEA-C9D5-4DB2-87D6-F0B59A9E5F94} = {D6B4414A-82FC-4D00-964E-1FD0939A5C8D}
		{1F20621D-AE4A-4EAB-80A6-859DF1BE36A3} = {0867DE51-9B1D-48F0-98FE-5AA6A76761AF}
		{7E712C4E-2E59-46AF-8277-F5AAE749F63F} = {0867DE51-9B1D-48F0-98FE-5AA6A76761AF}
		{47100229-017D-4480-94F1-266C847BA087} = {0867DE51-9B1D-48F0-98FE-5AA6A76761AF}
		{DDADCD46-79F7-4513-9436-639D643196E9} = {93E8681C-A4B5-433A-9204-928A330B01CD}
		{83245DC7-ADC5-4543-895C-1F247F9EA539} = {93E8681C-A4B5-433A-9204-928A330B01CD}
		{96FEF858-AAF6-438E-90DA-7F9CC9CD4571} = {93E8681C-A4B5-433A-9204-928A330B01CD}
		{92CD4D03-8CF1-4DEF-AD4B-0816A6B1E737} = {8450F76B-68BD-443A-B5B0-96712B92B99F}
		{35BA8A4A-B801-4108-A856-20CEAAF34DEF} = {8450F76B-68BD-443A-B5B0-96712B92B99F}
		{586177D9-A5F8-4059-A97C-8D179F99A85C} = {8450F76B-68BD-443A-B5B0-96712B92B99F}
	EndGlobalSection
	GlobalSection(ExtensibilityGlobals) = postSolution
		SolutionGuid = {8F52D273-F2AF-4902-9C2F-E7698EBA05AD}
	EndGlobalSection
EndGlobal
